// !$*UTF8*$!
{
	archiveVersion = 1;
	classes = {
	};
	objectVersion = 56;
	objects = {

/* Begin PBXBuildFile section */
		E38D5D4E2D3AB3960057D3CF /* GamePreviewView.swift in Sources */ = {isa = PBXBuildFile; fileRef = E38D5D4D2D3AB3960057D3CF /* GamePreviewView.swift */; };
		E38D5D512D3AB6420057D3CF /* MinersView.swift in Sources */ = {isa = PBXBuildFile; fileRef = E38D5D502D3AB6420057D3CF /* MinersView.swift */; };
		E38D5D532D3AB8920057D3CF /* PandasView.swift in Sources */ = {isa = PBXBuildFile; fileRef = E38D5D522D3AB8920057D3CF /* PandasView.swift */; };
		E38D5D562D3AB9930057D3CF /* GoldsImageView.swift in Sources */ = {isa = PBXBuildFile; fileRef = E38D5D552D3AB9930057D3CF /* GoldsImageView.swift */; };
		E38D5D582D3AC3820057D3CF /* BonusesLabel.swift in Sources */ = {isa = PBXBuildFile; fileRef = E38D5D572D3AC3820057D3CF /* BonusesLabel.swift */; };
		E38D5D5A2D3ACCF70057D3CF /* BonusesView+Extension.swift in Sources */ = {isa = PBXBuildFile; fileRef = E38D5D592D3ACCF70057D3CF /* BonusesView+Extension.swift */; };
		E3CED6F62D395B1D00C5D2EF /* AppDelegate.swift in Sources */ = {isa = PBXBuildFile; fileRef = E3CED6F52D395B1D00C5D2EF /* AppDelegate.swift */; };
		E3CED6F82D395B1D00C5D2EF /* SceneDelegate.swift in Sources */ = {isa = PBXBuildFile; fileRef = E3CED6F72D395B1D00C5D2EF /* SceneDelegate.swift */; };
		E3CED6FF2D395B1F00C5D2EF /* Assets.xcassets in Resources */ = {isa = PBXBuildFile; fileRef = E3CED6FE2D395B1F00C5D2EF /* Assets.xcassets */; };
		E3CED7022D395B1F00C5D2EF /* LaunchScreen.storyboard in Resources */ = {isa = PBXBuildFile; fileRef = E3CED7002D395B1F00C5D2EF /* LaunchScreen.storyboard */; };
		E3CED7102D395CBE00C5D2EF /* SignInController.swift in Sources */ = {isa = PBXBuildFile; fileRef = E3CED70F2D395CBE00C5D2EF /* SignInController.swift */; };
		E3CED7132D395CD600C5D2EF /* SnapKit in Frameworks */ = {isa = PBXBuildFile; productRef = E3CED7122D395CD600C5D2EF /* SnapKit */; };
		E3CED7152D395CD600C5D2EF /* SnapKit-Dynamic in Frameworks */ = {isa = PBXBuildFile; productRef = E3CED7142D395CD600C5D2EF /* SnapKit-Dynamic */; };
		E3CED7182D395CDE00C5D2EF /* SVProgressHUD in Frameworks */ = {isa = PBXBuildFile; productRef = E3CED7172D395CDE00C5D2EF /* SVProgressHUD */; };
		E3CED71B2D395CE700C5D2EF /* ProgressHUD in Frameworks */ = {isa = PBXBuildFile; productRef = E3CED71A2D395CE700C5D2EF /* ProgressHUD */; };
		E3CED71E2D395CF100C5D2EF /* Alamofire in Frameworks */ = {isa = PBXBuildFile; productRef = E3CED71D2D395CF100C5D2EF /* Alamofire */; };
		E3CED7202D395CF100C5D2EF /* AlamofireDynamic in Frameworks */ = {isa = PBXBuildFile; productRef = E3CED71F2D395CF100C5D2EF /* AlamofireDynamic */; };
		E3CED7282D395D6F00C5D2EF /* NetworkManager.swift in Sources */ = {isa = PBXBuildFile; fileRef = E3CED7272D395D6F00C5D2EF /* NetworkManager.swift */; };
		E3CED72B2D395DDE00C5D2EF /* Constraint.swift in Sources */ = {isa = PBXBuildFile; fileRef = E3CED72A2D395DDE00C5D2EF /* Constraint.swift */; };
		E3CED72D2D395DF800C5D2EF /* UIColor+Extension.swift in Sources */ = {isa = PBXBuildFile; fileRef = E3CED72C2D395DF800C5D2EF /* UIColor+Extension.swift */; };
		E3CED72F2D395E0500C5D2EF /* UIFont+Extension.swift in Sources */ = {isa = PBXBuildFile; fileRef = E3CED72E2D395E0500C5D2EF /* UIFont+Extension.swift */; };
		E3CED7312D395E1000C5D2EF /* Colors.swift in Sources */ = {isa = PBXBuildFile; fileRef = E3CED7302D395E1000C5D2EF /* Colors.swift */; };
		E3CED7332D395E1A00C5D2EF /* UICornerRadius.swift in Sources */ = {isa = PBXBuildFile; fileRef = E3CED7322D395E1A00C5D2EF /* UICornerRadius.swift */; };
		E3CED7372D395E5400C5D2EF /* Montserrat-Medium.ttf in Resources */ = {isa = PBXBuildFile; fileRef = E3CED7342D395E5300C5D2EF /* Montserrat-Medium.ttf */; };
		E3CED7382D395E5400C5D2EF /* Montserrat-Regular.ttf in Resources */ = {isa = PBXBuildFile; fileRef = E3CED7352D395E5400C5D2EF /* Montserrat-Regular.ttf */; };
		E3CED7392D395E5400C5D2EF /* Montserrat-Bold.ttf in Resources */ = {isa = PBXBuildFile; fileRef = E3CED7362D395E5400C5D2EF /* Montserrat-Bold.ttf */; };
		E3CED73F2D39610900C5D2EF /* MainView.swift in Sources */ = {isa = PBXBuildFile; fileRef = E3CED73E2D39610900C5D2EF /* MainView.swift */; };
		E3CED7412D39611C00C5D2EF /* HistoryView.swift in Sources */ = {isa = PBXBuildFile; fileRef = E3CED7402D39611C00C5D2EF /* HistoryView.swift */; };
		E3CED7432D39612C00C5D2EF /* ProfileView.swift in Sources */ = {isa = PBXBuildFile; fileRef = E3CED7422D39612C00C5D2EF /* ProfileView.swift */; };
		E3CED7452D3961BB00C5D2EF /* MainViewControllerTab.swift in Sources */ = {isa = PBXBuildFile; fileRef = E3CED7442D3961BB00C5D2EF /* MainViewControllerTab.swift */; };
		E3CED7472D39702500C5D2EF /* TopViewCell.swift in Sources */ = {isa = PBXBuildFile; fileRef = E3CED7462D39702500C5D2EF /* TopViewCell.swift */; };
		E3CED7492D3976D200C5D2EF /* PointsView.swift in Sources */ = {isa = PBXBuildFile; fileRef = E3CED7482D3976D200C5D2EF /* PointsView.swift */; };
		E3CED74B2D39972C00C5D2EF /* DailyBonusViewCell.swift in Sources */ = {isa = PBXBuildFile; fileRef = E3CED74A2D39972C00C5D2EF /* DailyBonusViewCell.swift */; };
		E3CED74F2D39A9DD00C5D2EF /* GamesViewCell.swift in Sources */ = {isa = PBXBuildFile; fileRef = E3CED74E2D39A9DD00C5D2EF /* GamesViewCell.swift */; };
		E3CED7512D39AE1500C5D2EF /* LeaderBoardViewCell.swift in Sources */ = {isa = PBXBuildFile; fileRef = E3CED7502D39AE1500C5D2EF /* LeaderBoardViewCell.swift */; };
		E3CED7532D39B21800C5D2EF /* LeaderBoardView.swift in Sources */ = {isa = PBXBuildFile; fileRef = E3CED7522D39B21800C5D2EF /* LeaderBoardView.swift */; };
/* End PBXBuildFile section */

/* Begin PBXFileReference section */
		E38D5D4D2D3AB3960057D3CF /* GamePreviewView.swift */ = {isa = PBXFileReference; lastKnownFileType = sourcecode.swift; path = GamePreviewView.swift; sourceTree = "<group>"; };
		E38D5D502D3AB6420057D3CF /* MinersView.swift */ = {isa = PBXFileReference; lastKnownFileType = sourcecode.swift; path = MinersView.swift; sourceTree = "<group>"; };
		E38D5D522D3AB8920057D3CF /* PandasView.swift */ = {isa = PBXFileReference; lastKnownFileType = sourcecode.swift; path = PandasView.swift; sourceTree = "<group>"; };
		E38D5D552D3AB9930057D3CF /* GoldsImageView.swift */ = {isa = PBXFileReference; lastKnownFileType = sourcecode.swift; path = GoldsImageView.swift; sourceTree = "<group>"; };
		E38D5D572D3AC3820057D3CF /* BonusesLabel.swift */ = {isa = PBXFileReference; lastKnownFileType = sourcecode.swift; path = BonusesLabel.swift; sourceTree = "<group>"; };
		E38D5D592D3ACCF70057D3CF /* BonusesView+Extension.swift */ = {isa = PBXFileReference; lastKnownFileType = sourcecode.swift; path = "BonusesView+Extension.swift"; sourceTree = "<group>"; };
		E3CED6F22D395B1D00C5D2EF /* StakeApp.app */ = {isa = PBXFileReference; explicitFileType = wrapper.application; includeInIndex = 0; path = StakeApp.app; sourceTree = BUILT_PRODUCTS_DIR; };
		E3CED6F52D395B1D00C5D2EF /* AppDelegate.swift */ = {isa = PBXFileReference; lastKnownFileType = sourcecode.swift; path = AppDelegate.swift; sourceTree = "<group>"; };
		E3CED6F72D395B1D00C5D2EF /* SceneDelegate.swift */ = {isa = PBXFileReference; lastKnownFileType = sourcecode.swift; path = SceneDelegate.swift; sourceTree = "<group>"; };
		E3CED6FE2D395B1F00C5D2EF /* Assets.xcassets */ = {isa = PBXFileReference; lastKnownFileType = folder.assetcatalog; path = Assets.xcassets; sourceTree = "<group>"; };
		E3CED7012D395B1F00C5D2EF /* Base */ = {isa = PBXFileReference; lastKnownFileType = file.storyboard; name = Base; path = Base.lproj/LaunchScreen.storyboard; sourceTree = "<group>"; };
		E3CED7032D395B1F00C5D2EF /* Info.plist */ = {isa = PBXFileReference; lastKnownFileType = text.plist.xml; path = Info.plist; sourceTree = "<group>"; };
		E3CED70F2D395CBE00C5D2EF /* SignInController.swift */ = {isa = PBXFileReference; lastKnownFileType = sourcecode.swift; path = SignInController.swift; sourceTree = "<group>"; };
		E3CED7272D395D6F00C5D2EF /* NetworkManager.swift */ = {isa = PBXFileReference; lastKnownFileType = sourcecode.swift; path = NetworkManager.swift; sourceTree = "<group>"; };
		E3CED72A2D395DDE00C5D2EF /* Constraint.swift */ = {isa = PBXFileReference; lastKnownFileType = sourcecode.swift; path = Constraint.swift; sourceTree = "<group>"; };
		E3CED72C2D395DF800C5D2EF /* UIColor+Extension.swift */ = {isa = PBXFileReference; lastKnownFileType = sourcecode.swift; path = "UIColor+Extension.swift"; sourceTree = "<group>"; };
		E3CED72E2D395E0500C5D2EF /* UIFont+Extension.swift */ = {isa = PBXFileReference; lastKnownFileType = sourcecode.swift; path = "UIFont+Extension.swift"; sourceTree = "<group>"; };
		E3CED7302D395E1000C5D2EF /* Colors.swift */ = {isa = PBXFileReference; lastKnownFileType = sourcecode.swift; path = Colors.swift; sourceTree = "<group>"; };
		E3CED7322D395E1A00C5D2EF /* UICornerRadius.swift */ = {isa = PBXFileReference; lastKnownFileType = sourcecode.swift; path = UICornerRadius.swift; sourceTree = "<group>"; };
		E3CED7342D395E5300C5D2EF /* Montserrat-Medium.ttf */ = {isa = PBXFileReference; lastKnownFileType = file; path = "Montserrat-Medium.ttf"; sourceTree = "<group>"; };
		E3CED7352D395E5400C5D2EF /* Montserrat-Regular.ttf */ = {isa = PBXFileReference; lastKnownFileType = file; path = "Montserrat-Regular.ttf"; sourceTree = "<group>"; };
		E3CED7362D395E5400C5D2EF /* Montserrat-Bold.ttf */ = {isa = PBXFileReference; lastKnownFileType = file; path = "Montserrat-Bold.ttf"; sourceTree = "<group>"; };
		E3CED73E2D39610900C5D2EF /* MainView.swift */ = {isa = PBXFileReference; lastKnownFileType = sourcecode.swift; path = MainView.swift; sourceTree = "<group>"; };
		E3CED7402D39611C00C5D2EF /* HistoryView.swift */ = {isa = PBXFileReference; lastKnownFileType = sourcecode.swift; path = HistoryView.swift; sourceTree = "<group>"; };
		E3CED7422D39612C00C5D2EF /* ProfileView.swift */ = {isa = PBXFileReference; lastKnownFileType = sourcecode.swift; path = ProfileView.swift; sourceTree = "<group>"; };
		E3CED7442D3961BB00C5D2EF /* MainViewControllerTab.swift */ = {isa = PBXFileReference; lastKnownFileType = sourcecode.swift; path = MainViewControllerTab.swift; sourceTree = "<group>"; };
		E3CED7462D39702500C5D2EF /* TopViewCell.swift */ = {isa = PBXFileReference; lastKnownFileType = sourcecode.swift; path = TopViewCell.swift; sourceTree = "<group>"; };
		E3CED7482D3976D200C5D2EF /* PointsView.swift */ = {isa = PBXFileReference; lastKnownFileType = sourcecode.swift; path = PointsView.swift; sourceTree = "<group>"; };
		E3CED74A2D39972C00C5D2EF /* DailyBonusViewCell.swift */ = {isa = PBXFileReference; lastKnownFileType = sourcecode.swift; path = DailyBonusViewCell.swift; sourceTree = "<group>"; };
		E3CED74E2D39A9DD00C5D2EF /* GamesViewCell.swift */ = {isa = PBXFileReference; lastKnownFileType = sourcecode.swift; path = GamesViewCell.swift; sourceTree = "<group>"; };
		E3CED7502D39AE1500C5D2EF /* LeaderBoardViewCell.swift */ = {isa = PBXFileReference; lastKnownFileType = sourcecode.swift; path = LeaderBoardViewCell.swift; sourceTree = "<group>"; };
		E3CED7522D39B21800C5D2EF /* LeaderBoardView.swift */ = {isa = PBXFileReference; lastKnownFileType = sourcecode.swift; path = LeaderBoardView.swift; sourceTree = "<group>"; };
/* End PBXFileReference section */

/* Begin PBXFrameworksBuildPhase section */
		E3CED6EF2D395B1D00C5D2EF /* Frameworks */ = {
			isa = PBXFrameworksBuildPhase;
			buildActionMask = 2147483647;
			files = (
				E3CED71E2D395CF100C5D2EF /* Alamofire in Frameworks */,
				E3CED7202D395CF100C5D2EF /* AlamofireDynamic in Frameworks */,
				E3CED7182D395CDE00C5D2EF /* SVProgressHUD in Frameworks */,
				E3CED71B2D395CE700C5D2EF /* ProgressHUD in Frameworks */,
				E3CED7132D395CD600C5D2EF /* SnapKit in Frameworks */,
				E3CED7152D395CD600C5D2EF /* SnapKit-Dynamic in Frameworks */,
			);
			runOnlyForDeploymentPostprocessing = 0;
		};
/* End PBXFrameworksBuildPhase section */

/* Begin PBXGroup section */
		E38D5D4B2D3AB3400057D3CF /* GamePreview */ = {
			isa = PBXGroup;
			children = (
				E38D5D4D2D3AB3960057D3CF /* GamePreviewView.swift */,
				E38D5D502D3AB6420057D3CF /* MinersView.swift */,
				E38D5D522D3AB8920057D3CF /* PandasView.swift */,
				E38D5D552D3AB9930057D3CF /* GoldsImageView.swift */,
			);
			path = GamePreview;
			sourceTree = "<group>";
		};
		E3CED6E92D395B1D00C5D2EF = {
			isa = PBXGroup;
			children = (
				E3CED6F42D395B1D00C5D2EF /* StakeApp */,
				E3CED6F32D395B1D00C5D2EF /* Products */,
			);
			sourceTree = "<group>";
		};
		E3CED6F32D395B1D00C5D2EF /* Products */ = {
			isa = PBXGroup;
			children = (
				E3CED6F22D395B1D00C5D2EF /* StakeApp.app */,
			);
			name = Products;
			sourceTree = "<group>";
		};
		E3CED6F42D395B1D00C5D2EF /* StakeApp */ = {
			isa = PBXGroup;
			children = (
				E3CED70D2D395C0700C5D2EF /* App */,
				E3CED7292D395D8B00C5D2EF /* Scenas */,
				E3CED7212D395D1100C5D2EF /* View */,
				E3CED7222D395D1900C5D2EF /* Models */,
				E3CED7232D395D2600C5D2EF /* NetworkManager */,
				E3CED7242D395D3300C5D2EF /* Constraints */,
				E3CED7252D395D4000C5D2EF /* Extension */,
				E3CED7262D395D4A00C5D2EF /* Fonts */,
				E3CED6FE2D395B1F00C5D2EF /* Assets.xcassets */,
				E3CED7002D395B1F00C5D2EF /* LaunchScreen.storyboard */,
				E3CED7032D395B1F00C5D2EF /* Info.plist */,
			);
			path = StakeApp;
			sourceTree = "<group>";
		};
		E3CED70D2D395C0700C5D2EF /* App */ = {
			isa = PBXGroup;
			children = (
				E3CED6F52D395B1D00C5D2EF /* AppDelegate.swift */,
				E3CED6F72D395B1D00C5D2EF /* SceneDelegate.swift */,
			);
			path = App;
			sourceTree = "<group>";
		};
		E3CED70E2D395C7D00C5D2EF /* SignIn */ = {
			isa = PBXGroup;
			children = (
				E3CED70F2D395CBE00C5D2EF /* SignInController.swift */,
			);
			path = SignIn;
			sourceTree = "<group>";
		};
		E3CED7212D395D1100C5D2EF /* View */ = {
			isa = PBXGroup;
			children = (
				E3CED7482D3976D200C5D2EF /* PointsView.swift */,
				E3CED7522D39B21800C5D2EF /* LeaderBoardView.swift */,
				E38D5D572D3AC3820057D3CF /* BonusesLabel.swift */,
			);
			path = View;
			sourceTree = "<group>";
		};
		E3CED7222D395D1900C5D2EF /* Models */ = {
			isa = PBXGroup;
			children = (
			);
			path = Models;
			sourceTree = "<group>";
		};
		E3CED7232D395D2600C5D2EF /* NetworkManager */ = {
			isa = PBXGroup;
			children = (
				E3CED7272D395D6F00C5D2EF /* NetworkManager.swift */,
			);
			path = NetworkManager;
			sourceTree = "<group>";
		};
		E3CED7242D395D3300C5D2EF /* Constraints */ = {
			isa = PBXGroup;
			children = (
				E3CED72A2D395DDE00C5D2EF /* Constraint.swift */,
			);
			path = Constraints;
			sourceTree = "<group>";
		};
		E3CED7252D395D4000C5D2EF /* Extension */ = {
			isa = PBXGroup;
			children = (
				E3CED72C2D395DF800C5D2EF /* UIColor+Extension.swift */,
				E3CED72E2D395E0500C5D2EF /* UIFont+Extension.swift */,
				E3CED7302D395E1000C5D2EF /* Colors.swift */,
				E3CED7322D395E1A00C5D2EF /* UICornerRadius.swift */,
				E38D5D592D3ACCF70057D3CF /* BonusesView+Extension.swift */,
			);
			path = Extension;
			sourceTree = "<group>";
		};
		E3CED7262D395D4A00C5D2EF /* Fonts */ = {
			isa = PBXGroup;
			children = (
				E3CED7362D395E5400C5D2EF /* Montserrat-Bold.ttf */,
				E3CED7342D395E5300C5D2EF /* Montserrat-Medium.ttf */,
				E3CED7352D395E5400C5D2EF /* Montserrat-Regular.ttf */,
			);
			path = Fonts;
			sourceTree = "<group>";
		};
		E3CED7292D395D8B00C5D2EF /* Scenas */ = {
			isa = PBXGroup;
			children = (
				E3CED70E2D395C7D00C5D2EF /* SignIn */,
				E3CED73A2D39607900C5D2EF /* MainViewControllerTab */,
				E3CED73B2D3960AF00C5D2EF /* MainView */,
				E38D5D4B2D3AB3400057D3CF /* GamePreview */,
				E3CED73C2D3960DB00C5D2EF /* History */,
				E3CED73D2D3960E900C5D2EF /* Profile */,
			);
			path = Scenas;
			sourceTree = "<group>";
		};
		E3CED73A2D39607900C5D2EF /* MainViewControllerTab */ = {
			isa = PBXGroup;
			children = (
				E3CED7442D3961BB00C5D2EF /* MainViewControllerTab.swift */,
			);
			path = MainViewControllerTab;
			sourceTree = "<group>";
		};
		E3CED73B2D3960AF00C5D2EF /* MainView */ = {
			isa = PBXGroup;
			children = (
				E3CED73E2D39610900C5D2EF /* MainView.swift */,
				E3CED7462D39702500C5D2EF /* TopViewCell.swift */,
				E3CED74A2D39972C00C5D2EF /* DailyBonusViewCell.swift */,
				E3CED74E2D39A9DD00C5D2EF /* GamesViewCell.swift */,
				E3CED7502D39AE1500C5D2EF /* LeaderBoardViewCell.swift */,
			);
			path = MainView;
			sourceTree = "<group>";
		};
		E3CED73C2D3960DB00C5D2EF /* History */ = {
			isa = PBXGroup;
			children = (
				E3CED7402D39611C00C5D2EF /* HistoryView.swift */,
			);
			path = History;
			sourceTree = "<group>";
		};
		E3CED73D2D3960E900C5D2EF /* Profile */ = {
			isa = PBXGroup;
			children = (
				E3CED7422D39612C00C5D2EF /* ProfileView.swift */,
			);
			path = Profile;
			sourceTree = "<group>";
		};
/* End PBXGroup section */

/* Begin PBXNativeTarget section */
		E3CED6F12D395B1D00C5D2EF /* StakeApp */ = {
			isa = PBXNativeTarget;
			buildConfigurationList = E3CED7062D395B1F00C5D2EF /* Build configuration list for PBXNativeTarget "StakeApp" */;
			buildPhases = (
				E3CED6EE2D395B1D00C5D2EF /* Sources */,
				E3CED6EF2D395B1D00C5D2EF /* Frameworks */,
				E3CED6F02D395B1D00C5D2EF /* Resources */,
			);
			buildRules = (
			);
			dependencies = (
			);
			name = StakeApp;
			packageProductDependencies = (
				E3CED7122D395CD600C5D2EF /* SnapKit */,
				E3CED7142D395CD600C5D2EF /* SnapKit-Dynamic */,
				E3CED7172D395CDE00C5D2EF /* SVProgressHUD */,
				E3CED71A2D395CE700C5D2EF /* ProgressHUD */,
				E3CED71D2D395CF100C5D2EF /* Alamofire */,
				E3CED71F2D395CF100C5D2EF /* AlamofireDynamic */,
			);
			productName = StakeApp;
			productReference = E3CED6F22D395B1D00C5D2EF /* StakeApp.app */;
			productType = "com.apple.product-type.application";
		};
/* End PBXNativeTarget section */

/* Begin PBXProject section */
		E3CED6EA2D395B1D00C5D2EF /* Project object */ = {
			isa = PBXProject;
			attributes = {
				BuildIndependentTargetsInParallel = 1;
				LastSwiftUpdateCheck = 1520;
				LastUpgradeCheck = 1520;
				TargetAttributes = {
					E3CED6F12D395B1D00C5D2EF = {
						CreatedOnToolsVersion = 15.2;
					};
				};
			};
			buildConfigurationList = E3CED6ED2D395B1D00C5D2EF /* Build configuration list for PBXProject "StakeApp" */;
			compatibilityVersion = "Xcode 14.0";
			developmentRegion = en;
			hasScannedForEncodings = 0;
			knownRegions = (
				en,
				Base,
			);
			mainGroup = E3CED6E92D395B1D00C5D2EF;
			packageReferences = (
				E3CED7112D395CD600C5D2EF /* XCRemoteSwiftPackageReference "SnapKit" */,
				E3CED7162D395CDE00C5D2EF /* XCRemoteSwiftPackageReference "SVProgressHUD" */,
				E3CED7192D395CE700C5D2EF /* XCRemoteSwiftPackageReference "ProgressHUD" */,
				E3CED71C2D395CF100C5D2EF /* XCRemoteSwiftPackageReference "Alamofire" */,
			);
			productRefGroup = E3CED6F32D395B1D00C5D2EF /* Products */;
			projectDirPath = "";
			projectRoot = "";
			targets = (
				E3CED6F12D395B1D00C5D2EF /* StakeApp */,
			);
		};
/* End PBXProject section */

/* Begin PBXResourcesBuildPhase section */
		E3CED6F02D395B1D00C5D2EF /* Resources */ = {
			isa = PBXResourcesBuildPhase;
			buildActionMask = 2147483647;
			files = (
				E3CED7392D395E5400C5D2EF /* Montserrat-Bold.ttf in Resources */,
				E3CED7382D395E5400C5D2EF /* Montserrat-Regular.ttf in Resources */,
				E3CED7022D395B1F00C5D2EF /* LaunchScreen.storyboard in Resources */,
				E3CED7372D395E5400C5D2EF /* Montserrat-Medium.ttf in Resources */,
				E3CED6FF2D395B1F00C5D2EF /* Assets.xcassets in Resources */,
			);
			runOnlyForDeploymentPostprocessing = 0;
		};
/* End PBXResourcesBuildPhase section */

/* Begin PBXSourcesBuildPhase section */
		E3CED6EE2D395B1D00C5D2EF /* Sources */ = {
			isa = PBXSourcesBuildPhase;
			buildActionMask = 2147483647;
			files = (
				E3CED74F2D39A9DD00C5D2EF /* GamesViewCell.swift in Sources */,
				E3CED7472D39702500C5D2EF /* TopViewCell.swift in Sources */,
				E38D5D562D3AB9930057D3CF /* GoldsImageView.swift in Sources */,
				E3CED72F2D395E0500C5D2EF /* UIFont+Extension.swift in Sources */,
				E3CED7492D3976D200C5D2EF /* PointsView.swift in Sources */,
				E3CED7312D395E1000C5D2EF /* Colors.swift in Sources */,
				E3CED7282D395D6F00C5D2EF /* NetworkManager.swift in Sources */,
				E3CED73F2D39610900C5D2EF /* MainView.swift in Sources */,
				E38D5D4E2D3AB3960057D3CF /* GamePreviewView.swift in Sources */,
				E3CED7432D39612C00C5D2EF /* ProfileView.swift in Sources */,
				E3CED7102D395CBE00C5D2EF /* SignInController.swift in Sources */,
				E38D5D5A2D3ACCF70057D3CF /* BonusesView+Extension.swift in Sources */,
				E38D5D512D3AB6420057D3CF /* MinersView.swift in Sources */,
				E38D5D582D3AC3820057D3CF /* BonusesLabel.swift in Sources */,
				E3CED74B2D39972C00C5D2EF /* DailyBonusViewCell.swift in Sources */,
				E3CED7452D3961BB00C5D2EF /* MainViewControllerTab.swift in Sources */,
				E38D5D532D3AB8920057D3CF /* PandasView.swift in Sources */,
				E3CED7412D39611C00C5D2EF /* HistoryView.swift in Sources */,
				E3CED7532D39B21800C5D2EF /* LeaderBoardView.swift in Sources */,
				E3CED6F62D395B1D00C5D2EF /* AppDelegate.swift in Sources */,
				E3CED72D2D395DF800C5D2EF /* UIColor+Extension.swift in Sources */,
				E3CED72B2D395DDE00C5D2EF /* Constraint.swift in Sources */,
				E3CED7332D395E1A00C5D2EF /* UICornerRadius.swift in Sources */,
				E3CED7512D39AE1500C5D2EF /* LeaderBoardViewCell.swift in Sources */,
				E3CED6F82D395B1D00C5D2EF /* SceneDelegate.swift in Sources */,
			);
			runOnlyForDeploymentPostprocessing = 0;
		};
/* End PBXSourcesBuildPhase section */

/* Begin PBXVariantGroup section */
		E3CED7002D395B1F00C5D2EF /* LaunchScreen.storyboard */ = {
			isa = PBXVariantGroup;
			children = (
				E3CED7012D395B1F00C5D2EF /* Base */,
			);
			name = LaunchScreen.storyboard;
			sourceTree = "<group>";
		};
/* End PBXVariantGroup section */

/* Begin XCBuildConfiguration section */
		E3CED7042D395B1F00C5D2EF /* Debug */ = {
			isa = XCBuildConfiguration;
			buildSettings = {
				ALWAYS_SEARCH_USER_PATHS = NO;
				ASSETCATALOG_COMPILER_GENERATE_SWIFT_ASSET_SYMBOL_EXTENSIONS = YES;
				CLANG_ANALYZER_NONNULL = YES;
				CLANG_ANALYZER_NUMBER_OBJECT_CONVERSION = YES_AGGRESSIVE;
				CLANG_CXX_LANGUAGE_STANDARD = "gnu++20";
				CLANG_ENABLE_MODULES = YES;
				CLANG_ENABLE_OBJC_ARC = YES;
				CLANG_ENABLE_OBJC_WEAK = YES;
				CLANG_WARN_BLOCK_CAPTURE_AUTORELEASING = YES;
				CLANG_WARN_BOOL_CONVERSION = YES;
				CLANG_WARN_COMMA = YES;
				CLANG_WARN_CONSTANT_CONVERSION = YES;
				CLANG_WARN_DEPRECATED_OBJC_IMPLEMENTATIONS = YES;
				CLANG_WARN_DIRECT_OBJC_ISA_USAGE = YES_ERROR;
				CLANG_WARN_DOCUMENTATION_COMMENTS = YES;
				CLANG_WARN_EMPTY_BODY = YES;
				CLANG_WARN_ENUM_CONVERSION = YES;
				CLANG_WARN_INFINITE_RECURSION = YES;
				CLANG_WARN_INT_CONVERSION = YES;
				CLANG_WARN_NON_LITERAL_NULL_CONVERSION = YES;
				CLANG_WARN_OBJC_IMPLICIT_RETAIN_SELF = YES;
				CLANG_WARN_OBJC_LITERAL_CONVERSION = YES;
				CLANG_WARN_OBJC_ROOT_CLASS = YES_ERROR;
				CLANG_WARN_QUOTED_INCLUDE_IN_FRAMEWORK_HEADER = YES;
				CLANG_WARN_RANGE_LOOP_ANALYSIS = YES;
				CLANG_WARN_STRICT_PROTOTYPES = YES;
				CLANG_WARN_SUSPICIOUS_MOVE = YES;
				CLANG_WARN_UNGUARDED_AVAILABILITY = YES_AGGRESSIVE;
				CLANG_WARN_UNREACHABLE_CODE = YES;
				CLANG_WARN__DUPLICATE_METHOD_MATCH = YES;
				COPY_PHASE_STRIP = NO;
				DEBUG_INFORMATION_FORMAT = dwarf;
				ENABLE_STRICT_OBJC_MSGSEND = YES;
				ENABLE_TESTABILITY = YES;
				ENABLE_USER_SCRIPT_SANDBOXING = YES;
				GCC_C_LANGUAGE_STANDARD = gnu17;
				GCC_DYNAMIC_NO_PIC = NO;
				GCC_NO_COMMON_BLOCKS = YES;
				GCC_OPTIMIZATION_LEVEL = 0;
				GCC_PREPROCESSOR_DEFINITIONS = (
					"DEBUG=1",
					"$(inherited)",
				);
				GCC_WARN_64_TO_32_BIT_CONVERSION = YES;
				GCC_WARN_ABOUT_RETURN_TYPE = YES_ERROR;
				GCC_WARN_UNDECLARED_SELECTOR = YES;
				GCC_WARN_UNINITIALIZED_AUTOS = YES_AGGRESSIVE;
				GCC_WARN_UNUSED_FUNCTION = YES;
				GCC_WARN_UNUSED_VARIABLE = YES;
				IPHONEOS_DEPLOYMENT_TARGET = 17.2;
				LOCALIZATION_PREFERS_STRING_CATALOGS = YES;
				MTL_ENABLE_DEBUG_INFO = INCLUDE_SOURCE;
				MTL_FAST_MATH = YES;
				ONLY_ACTIVE_ARCH = YES;
				SDKROOT = iphoneos;
				SWIFT_ACTIVE_COMPILATION_CONDITIONS = "DEBUG $(inherited)";
				SWIFT_OPTIMIZATION_LEVEL = "-Onone";
			};
			name = Debug;
		};
		E3CED7052D395B1F00C5D2EF /* Release */ = {
			isa = XCBuildConfiguration;
			buildSettings = {
				ALWAYS_SEARCH_USER_PATHS = NO;
				ASSETCATALOG_COMPILER_GENERATE_SWIFT_ASSET_SYMBOL_EXTENSIONS = YES;
				CLANG_ANALYZER_NONNULL = YES;
				CLANG_ANALYZER_NUMBER_OBJECT_CONVERSION = YES_AGGRESSIVE;
				CLANG_CXX_LANGUAGE_STANDARD = "gnu++20";
				CLANG_ENABLE_MODULES = YES;
				CLANG_ENABLE_OBJC_ARC = YES;
				CLANG_ENABLE_OBJC_WEAK = YES;
				CLANG_WARN_BLOCK_CAPTURE_AUTORELEASING = YES;
				CLANG_WARN_BOOL_CONVERSION = YES;
				CLANG_WARN_COMMA = YES;
				CLANG_WARN_CONSTANT_CONVERSION = YES;
				CLANG_WARN_DEPRECATED_OBJC_IMPLEMENTATIONS = YES;
				CLANG_WARN_DIRECT_OBJC_ISA_USAGE = YES_ERROR;
				CLANG_WARN_DOCUMENTATION_COMMENTS = YES;
				CLANG_WARN_EMPTY_BODY = YES;
				CLANG_WARN_ENUM_CONVERSION = YES;
				CLANG_WARN_INFINITE_RECURSION = YES;
				CLANG_WARN_INT_CONVERSION = YES;
				CLANG_WARN_NON_LITERAL_NULL_CONVERSION = YES;
				CLANG_WARN_OBJC_IMPLICIT_RETAIN_SELF = YES;
				CLANG_WARN_OBJC_LITERAL_CONVERSION = YES;
				CLANG_WARN_OBJC_ROOT_CLASS = YES_ERROR;
				CLANG_WARN_QUOTED_INCLUDE_IN_FRAMEWORK_HEADER = YES;
				CLANG_WARN_RANGE_LOOP_ANALYSIS = YES;
				CLANG_WARN_STRICT_PROTOTYPES = YES;
				CLANG_WARN_SUSPICIOUS_MOVE = YES;
				CLANG_WARN_UNGUARDED_AVAILABILITY = YES_AGGRESSIVE;
				CLANG_WARN_UNREACHABLE_CODE = YES;
				CLANG_WARN__DUPLICATE_METHOD_MATCH = YES;
				COPY_PHASE_STRIP = NO;
				DEBUG_INFORMATION_FORMAT = "dwarf-with-dsym";
				ENABLE_NS_ASSERTIONS = NO;
				ENABLE_STRICT_OBJC_MSGSEND = YES;
				ENABLE_USER_SCRIPT_SANDBOXING = YES;
				GCC_C_LANGUAGE_STANDARD = gnu17;
				GCC_NO_COMMON_BLOCKS = YES;
				GCC_WARN_64_TO_32_BIT_CONVERSION = YES;
				GCC_WARN_ABOUT_RETURN_TYPE = YES_ERROR;
				GCC_WARN_UNDECLARED_SELECTOR = YES;
				GCC_WARN_UNINITIALIZED_AUTOS = YES_AGGRESSIVE;
				GCC_WARN_UNUSED_FUNCTION = YES;
				GCC_WARN_UNUSED_VARIABLE = YES;
				IPHONEOS_DEPLOYMENT_TARGET = 17.2;
				LOCALIZATION_PREFERS_STRING_CATALOGS = YES;
				MTL_ENABLE_DEBUG_INFO = NO;
				MTL_FAST_MATH = YES;
				SDKROOT = iphoneos;
				SWIFT_COMPILATION_MODE = wholemodule;
				VALIDATE_PRODUCT = YES;
			};
			name = Release;
		};
		E3CED7072D395B1F00C5D2EF /* Debug */ = {
			isa = XCBuildConfiguration;
			buildSettings = {
				ASSETCATALOG_COMPILER_APPICON_NAME = AppIcon;
				ASSETCATALOG_COMPILER_GLOBAL_ACCENT_COLOR_NAME = AccentColor;
				CODE_SIGN_STYLE = Automatic;
				CURRENT_PROJECT_VERSION = 1;
				DEVELOPMENT_TEAM = Z8QVL3H8TQ;
				GENERATE_INFOPLIST_FILE = YES;
				INFOPLIST_FILE = StakeApp/Info.plist;
				INFOPLIST_KEY_UIApplicationSupportsIndirectInputEvents = YES;
				INFOPLIST_KEY_UILaunchStoryboardName = LaunchScreen;
				INFOPLIST_KEY_UISupportedInterfaceOrientations_iPad = "UIInterfaceOrientationPortrait UIInterfaceOrientationPortraitUpsideDown UIInterfaceOrientationLandscapeLeft UIInterfaceOrientationLandscapeRight";
				INFOPLIST_KEY_UISupportedInterfaceOrientations_iPhone = "UIInterfaceOrientationPortrait UIInterfaceOrientationLandscapeLeft UIInterfaceOrientationLandscapeRight";
				IPHONEOS_DEPLOYMENT_TARGET = 15.0;
				LD_RUNPATH_SEARCH_PATHS = (
					"$(inherited)",
					"@executable_path/Frameworks",
				);
				MARKETING_VERSION = 1.0;
				PRODUCT_BUNDLE_IDENTIFIER = "-0.StakeApp";
				PRODUCT_NAME = "$(TARGET_NAME)";
				SUPPORTED_PLATFORMS = "iphoneos iphonesimulator";
				SUPPORTS_MACCATALYST = NO;
				SUPPORTS_MAC_DESIGNED_FOR_IPHONE_IPAD = NO;
				SUPPORTS_XR_DESIGNED_FOR_IPHONE_IPAD = NO;
				SWIFT_EMIT_LOC_STRINGS = YES;
				SWIFT_VERSION = 5.0;
				TARGETED_DEVICE_FAMILY = 1;
			};
			name = Debug;
		};
		E3CED7082D395B1F00C5D2EF /* Release */ = {
			isa = XCBuildConfiguration;
			buildSettings = {
				ASSETCATALOG_COMPILER_APPICON_NAME = AppIcon;
				ASSETCATALOG_COMPILER_GLOBAL_ACCENT_COLOR_NAME = AccentColor;
				CODE_SIGN_STYLE = Automatic;
				CURRENT_PROJECT_VERSION = 1;
				DEVELOPMENT_TEAM = Z8QVL3H8TQ;
				GENERATE_INFOPLIST_FILE = YES;
				INFOPLIST_FILE = StakeApp/Info.plist;
				INFOPLIST_KEY_UIApplicationSupportsIndirectInputEvents = YES;
				INFOPLIST_KEY_UILaunchStoryboardName = LaunchScreen;
				INFOPLIST_KEY_UISupportedInterfaceOrientations_iPad = "UIInterfaceOrientationPortrait UIInterfaceOrientationPortraitUpsideDown UIInterfaceOrientationLandscapeLeft UIInterfaceOrientationLandscapeRight";
				INFOPLIST_KEY_UISupportedInterfaceOrientations_iPhone = "UIInterfaceOrientationPortrait UIInterfaceOrientationLandscapeLeft UIInterfaceOrientationLandscapeRight";
				IPHONEOS_DEPLOYMENT_TARGET = 15.0;
				LD_RUNPATH_SEARCH_PATHS = (
					"$(inherited)",
					"@executable_path/Frameworks",
				);
				MARKETING_VERSION = 1.0;
				PRODUCT_BUNDLE_IDENTIFIER = "-0.StakeApp";
				PRODUCT_NAME = "$(TARGET_NAME)";
				SUPPORTED_PLATFORMS = "iphoneos iphonesimulator";
				SUPPORTS_MACCATALYST = NO;
				SUPPORTS_MAC_DESIGNED_FOR_IPHONE_IPAD = NO;
				SUPPORTS_XR_DESIGNED_FOR_IPHONE_IPAD = NO;
				SWIFT_EMIT_LOC_STRINGS = YES;
				SWIFT_VERSION = 5.0;
				TARGETED_DEVICE_FAMILY = 1;
			};
			name = Release;
		};
/* End XCBuildConfiguration section */

/* Begin XCConfigurationList section */
		E3CED6ED2D395B1D00C5D2EF /* Build configuration list for PBXProject "StakeApp" */ = {
			isa = XCConfigurationList;
			buildConfigurations = (
				E3CED7042D395B1F00C5D2EF /* Debug */,
				E3CED7052D395B1F00C5D2EF /* Release */,
			);
			defaultConfigurationIsVisible = 0;
			defaultConfigurationName = Release;
		};
		E3CED7062D395B1F00C5D2EF /* Build configuration list for PBXNativeTarget "StakeApp" */ = {
			isa = XCConfigurationList;
			buildConfigurations = (
				E3CED7072D395B1F00C5D2EF /* Debug */,
				E3CED7082D395B1F00C5D2EF /* Release */,
			);
			defaultConfigurationIsVisible = 0;
			defaultConfigurationName = Release;
		};
/* End XCConfigurationList section */

/* Begin XCRemoteSwiftPackageReference section */
		E3CED7112D395CD600C5D2EF /* XCRemoteSwiftPackageReference "SnapKit" */ = {
			isa = XCRemoteSwiftPackageReference;
			repositoryURL = "https://github.com/SnapKit/SnapKit";
			requirement = {
				kind = upToNextMajorVersion;
				minimumVersion = 5.7.1;
			};
		};
		E3CED7162D395CDE00C5D2EF /* XCRemoteSwiftPackageReference "SVProgressHUD" */ = {
			isa = XCRemoteSwiftPackageReference;
			repositoryURL = "https://github.com/SVProgressHUD/SVProgressHUD";
			requirement = {
				kind = upToNextMajorVersion;
				minimumVersion = 2.3.1;
			};
		};
		E3CED7192D395CE700C5D2EF /* XCRemoteSwiftPackageReference "ProgressHUD" */ = {
			isa = XCRemoteSwiftPackageReference;
			repositoryURL = "https://github.com/relatedcode/ProgressHUD";
			requirement = {
				kind = upToNextMajorVersion;
				minimumVersion = 14.1.3;
			};
		};
		E3CED71C2D395CF100C5D2EF /* XCRemoteSwiftPackageReference "Alamofire" */ = {
			isa = XCRemoteSwiftPackageReference;
			repositoryURL = "https://github.com/Alamofire/Alamofire";
			requirement = {
				kind = upToNextMajorVersion;
				minimumVersion = 5.10.2;
			};
		};
/* End XCRemoteSwiftPackageReference section */

/* Begin XCSwiftPackageProductDependency section */
		E3CED7122D395CD600C5D2EF /* SnapKit */ = {
			isa = XCSwiftPackageProductDependency;
			package = E3CED7112D395CD600C5D2EF /* XCRemoteSwiftPackageReference "SnapKit" */;
			productName = SnapKit;
		};
		E3CED7142D395CD600C5D2EF /* SnapKit-Dynamic */ = {
			isa = XCSwiftPackageProductDependency;
			package = E3CED7112D395CD600C5D2EF /* XCRemoteSwiftPackageReference "SnapKit" */;
			productName = "SnapKit-Dynamic";
		};
		E3CED7172D395CDE00C5D2EF /* SVProgressHUD */ = {
			isa = XCSwiftPackageProductDependency;
			package = E3CED7162D395CDE00C5D2EF /* XCRemoteSwiftPackageReference "SVProgressHUD" */;
			productName = SVProgressHUD;
		};
		E3CED71A2D395CE700C5D2EF /* ProgressHUD */ = {
			isa = XCSwiftPackageProductDependency;
			package = E3CED7192D395CE700C5D2EF /* XCRemoteSwiftPackageReference "ProgressHUD" */;
			productName = ProgressHUD;
		};
		E3CED71D2D395CF100C5D2EF /* Alamofire */ = {
			isa = XCSwiftPackageProductDependency;
			package = E3CED71C2D395CF100C5D2EF /* XCRemoteSwiftPackageReference "Alamofire" */;
			productName = Alamofire;
		};
		E3CED71F2D395CF100C5D2EF /* AlamofireDynamic */ = {
			isa = XCSwiftPackageProductDependency;
			package = E3CED71C2D395CF100C5D2EF /* XCRemoteSwiftPackageReference "Alamofire" */;
			productName = AlamofireDynamic;
		};
/* End XCSwiftPackageProductDependency section */
	};
	rootObject = E3CED6EA2D395B1D00C5D2EF /* Project object */;
}
